{
  "version": "2",
  "remote": {
    "https://deno.land/std@0.162.0/_util/assert.ts": "e94f2eb37cebd7f199952e242c77654e43333c1ac4c5c700e929ea3aa5489f74",
    "https://deno.land/std@0.162.0/_util/os.ts": "8a33345f74990e627b9dfe2de9b040004b08ea5146c7c9e8fe9a29070d193934",
    "https://deno.land/std@0.162.0/async/abortable.ts": "87aa7230be8360c24ad437212311c9e8d4328854baec27b4c7abb26e85515c06",
    "https://deno.land/std@0.162.0/async/deadline.ts": "48ac998d7564969f3e6ec6b6f9bf0217ebd00239b1b2292feba61272d5dd58d0",
    "https://deno.land/std@0.162.0/async/debounce.ts": "dc8b92d4a4fe7eac32c924f2b8d3e62112530db70cadce27042689d82970b350",
    "https://deno.land/std@0.162.0/async/deferred.ts": "d8fb253ffde2a056e4889ef7e90f3928f28be9f9294b6505773d33f136aab4e6",
    "https://deno.land/std@0.162.0/async/delay.ts": "0419dfc993752849692d1f9647edf13407c7facc3509b099381be99ffbc9d699",
    "https://deno.land/std@0.162.0/async/mod.ts": "dd0a8ed4f3984ffabe2fcca7c9f466b7932d57b1864ffee148a5d5388316db6b",
    "https://deno.land/std@0.162.0/async/mux_async_iterator.ts": "3447b28a2a582224a3d4d3596bccbba6e85040da3b97ed64012f7decce98d093",
    "https://deno.land/std@0.162.0/async/pool.ts": "ef9eb97b388543acbf0ac32647121e4dbe629236899586c4d4311a8770fbb239",
    "https://deno.land/std@0.162.0/async/tee.ts": "9af3a3e7612af75861308b52249e167f5ebc3dcfc8a1a4d45462d96606ee2b70",
    "https://deno.land/std@0.162.0/bytes/bytes_list.ts": "aba5e2369e77d426b10af1de0dcc4531acecec27f9b9056f4f7bfbf8ac147ab4",
    "https://deno.land/std@0.162.0/bytes/equals.ts": "3c3558c3ae85526f84510aa2b48ab2ad7bdd899e2e0f5b7a8ffc85acb3a6043a",
    "https://deno.land/std@0.162.0/bytes/mod.ts": "b2e342fd3669176a27a4e15061e9d588b89c1aaf5008ab71766e23669565d179",
    "https://deno.land/std@0.162.0/encoding/base64.ts": "c57868ca7fa2fbe919f57f88a623ad34e3d970d675bdc1ff3a9d02bba7409db2",
    "https://deno.land/std@0.162.0/encoding/base64url.ts": "a5f82a9fa703bd85a5eb8e7c1296bc6529e601ebd9642cc2b5eaa6b38fa9e05a",
    "https://deno.land/std@0.162.0/fmt/colors.ts": "9e36a716611dcd2e4865adea9c4bec916b5c60caad4cdcdc630d4974e6bb8bd4",
    "https://deno.land/std@0.162.0/io/buffer.ts": "fae02290f52301c4e0188670e730cd902f9307fb732d79c4aa14ebdc82497289",
    "https://deno.land/std@0.162.0/io/types.d.ts": "107e1e64834c5ba917c783f446b407d33432c5d612c4b3430df64fc2b4ecf091",
    "https://deno.land/std@0.162.0/node/_utils.ts": "3d5462910bafe08a79797fefedfde5cc743702b4d24e2d13b9c47c1603d9d33d",
    "https://deno.land/std@0.162.0/node/buffer.ts": "43f07b2d1523345bf35b7deb7fcdad6e916020a631a7bc1b5efcaff556db4e1d",
    "https://deno.land/std@0.162.0/node/internal/buffer.d.ts": "90f674081428a61978b6d481c5f557ff743a3f4a85d7ae113caab48fdf5b8a63",
    "https://deno.land/std@0.162.0/node/internal/buffer.mjs": "70b74b34f1617b3492aee6dec35c7bdabbf26e034bfcf640aa61b3d63c5c850f",
    "https://deno.land/std@0.162.0/node/internal/crypto/_keys.ts": "7f993ece8c8e94a292944518cf4173521c6bf01785e75be014cd45a9cc2e4ad5",
    "https://deno.land/std@0.162.0/node/internal/crypto/constants.ts": "d2c8821977aef55e4d66414d623c24a2447791a8b49b6404b8db32d81e20c315",
    "https://deno.land/std@0.162.0/node/internal/error_codes.ts": "ac03c4eae33de3a69d6c98e8678003207eecf75a6900eb847e3fea3c8c9e6d8f",
    "https://deno.land/std@0.162.0/node/internal/errors.ts": "1b65ad547acb9a8501d87409cbebb0d26d9879c9de9458ee6ea9aa5a71fdbe9f",
    "https://deno.land/std@0.162.0/node/internal/hide_stack_frames.ts": "a91962ec84610bc7ec86022c4593cdf688156a5910c07b5bcd71994225c13a03",
    "https://deno.land/std@0.162.0/node/internal/normalize_encoding.mjs": "3779ec8a7adf5d963b0224f9b85d1bc974a2ec2db0e858396b5d3c2c92138a0a",
    "https://deno.land/std@0.162.0/node/internal/primordials.mjs": "7cf5afe471583e4a384eeea109bdff276b6b7f3a3af830f99f951fb7d57ef423",
    "https://deno.land/std@0.162.0/node/internal/util.mjs": "35d24fb775468cd24443bcf0ec68904b8aa44e5b53845491a5e3382421917f9a",
    "https://deno.land/std@0.162.0/node/internal/util/inspect.mjs": "1ddace0c97719d2cc0869ba177d375e96051301352ec235cbfb2ecbfcd4e8fba",
    "https://deno.land/std@0.162.0/node/internal/util/types.ts": "de6e2b7f9b9985ab881b1e78f05ae51d1fc829ae1584063df21e57b35312f3c4",
    "https://deno.land/std@0.162.0/node/internal/validators.mjs": "67deae0f488d013c8bf485742a5478112b8e48837cb2458c4a8b2669cf7017db",
    "https://deno.land/std@0.162.0/node/internal_binding/_libuv_winerror.ts": "801e05c2742ae6cd42a5f0fd555a255a7308a65732551e962e5345f55eedc519",
    "https://deno.land/std@0.162.0/node/internal_binding/_node.ts": "e4075ba8a37aef4eb5b592c8e3807c39cb49ca8653faf8e01a43421938076c1b",
    "https://deno.land/std@0.162.0/node/internal_binding/_utils.ts": "1c50883b5751a9ea1b38951e62ed63bacfdc9d69ea665292edfa28e1b1c5bd94",
    "https://deno.land/std@0.162.0/node/internal_binding/_winerror.ts": "8811d4be66f918c165370b619259c1f35e8c3e458b8539db64c704fbde0a7cd2",
    "https://deno.land/std@0.162.0/node/internal_binding/buffer.ts": "781e1d13adc924864e6e37ecb5152e8a4e994cf394695136e451c47f00bda76c",
    "https://deno.land/std@0.162.0/node/internal_binding/constants.ts": "f4afc504137fb21f3908ab549931604968dfa62432b285a0874f41c4cade9ed2",
    "https://deno.land/std@0.162.0/node/internal_binding/string_decoder.ts": "5cb1863763d1e9b458bc21d6f976f16d9c18b3b3f57eaf0ade120aee38fba227",
    "https://deno.land/std@0.162.0/node/internal_binding/types.ts": "4c26fb74ba2e45de553c15014c916df6789529a93171e450d5afb016b4c765e7",
    "https://deno.land/std@0.162.0/node/internal_binding/util.ts": "faf5146c3cc3b2d6c26026a818b4a16e91488ab26e63c069f36ba3c3ae24c97b",
    "https://deno.land/std@0.162.0/node/internal_binding/uv.ts": "8c5b971a7e5e66584274fcb8aab958a6b3d5a6232ee8b3dec09b24047d6c008d",
    "https://deno.land/std@0.162.0/streams/conversion.ts": "555c6c249f3acf85655f2d0af52d1cb3168e40b1c1fa26beefea501b333abe28",
    "https://deno.land/std@0.162.0/testing/_diff.ts": "a23e7fc2b4d8daa3e158fa06856bedf5334ce2a2831e8bf9e509717f455adb2c",
    "https://deno.land/std@0.162.0/testing/_format.ts": "cd11136e1797791045e639e9f0f4640d5b4166148796cad37e6ef75f7d7f3832",
    "https://deno.land/std@0.162.0/testing/asserts.ts": "1e340c589853e82e0807629ba31a43c84ebdcdeca910c4a9705715dfdb0f5ce8",
    "https://deno.land/std@0.165.0/_util/asserts.ts": "d0844e9b62510f89ce1f9878b046f6a57bf88f208a10304aab50efcb48365272",
    "https://deno.land/std@0.165.0/_util/os.ts": "8a33345f74990e627b9dfe2de9b040004b08ea5146c7c9e8fe9a29070d193934",
    "https://deno.land/std@0.165.0/bytes/equals.ts": "3c3558c3ae85526f84510aa2b48ab2ad7bdd899e2e0f5b7a8ffc85acb3a6043a",
    "https://deno.land/std@0.165.0/bytes/mod.ts": "b2e342fd3669176a27a4e15061e9d588b89c1aaf5008ab71766e23669565d179",
    "https://deno.land/std@0.165.0/encoding/base64.ts": "c57868ca7fa2fbe919f57f88a623ad34e3d970d675bdc1ff3a9d02bba7409db2",
    "https://deno.land/std@0.165.0/encoding/base64url.ts": "a5f82a9fa703bd85a5eb8e7c1296bc6529e601ebd9642cc2b5eaa6b38fa9e05a",
    "https://deno.land/std@0.165.0/node/_utils.ts": "1085a229e910b3a6672f3c3be05507591811dc67be2ae2188e9fc9ef4376b172",
    "https://deno.land/std@0.165.0/node/buffer.ts": "43f07b2d1523345bf35b7deb7fcdad6e916020a631a7bc1b5efcaff556db4e1d",
    "https://deno.land/std@0.165.0/node/internal/buffer.d.ts": "90f674081428a61978b6d481c5f557ff743a3f4a85d7ae113caab48fdf5b8a63",
    "https://deno.land/std@0.165.0/node/internal/buffer.mjs": "70b74b34f1617b3492aee6dec35c7bdabbf26e034bfcf640aa61b3d63c5c850f",
    "https://deno.land/std@0.165.0/node/internal/crypto/_keys.ts": "63229ff3d8d15b5bd0a1d2ebc19313cbb8ac969875bf16df1ce4f2b497d74fb5",
    "https://deno.land/std@0.165.0/node/internal/crypto/constants.ts": "d2c8821977aef55e4d66414d623c24a2447791a8b49b6404b8db32d81e20c315",
    "https://deno.land/std@0.165.0/node/internal/error_codes.ts": "ac03c4eae33de3a69d6c98e8678003207eecf75a6900eb847e3fea3c8c9e6d8f",
    "https://deno.land/std@0.165.0/node/internal/errors.ts": "b9aec7d1fe3eaf21322d0ea9dc2fcb344055d6b0c7a1bd0f62a0c379a5baa799",
    "https://deno.land/std@0.165.0/node/internal/hide_stack_frames.ts": "a91962ec84610bc7ec86022c4593cdf688156a5910c07b5bcd71994225c13a03",
    "https://deno.land/std@0.165.0/node/internal/normalize_encoding.mjs": "3779ec8a7adf5d963b0224f9b85d1bc974a2ec2db0e858396b5d3c2c92138a0a",
    "https://deno.land/std@0.165.0/node/internal/primordials.mjs": "7cf5afe471583e4a384eeea109bdff276b6b7f3a3af830f99f951fb7d57ef423",
    "https://deno.land/std@0.165.0/node/internal/util.mjs": "35d24fb775468cd24443bcf0ec68904b8aa44e5b53845491a5e3382421917f9a",
    "https://deno.land/std@0.165.0/node/internal/util/inspect.mjs": "1ddace0c97719d2cc0869ba177d375e96051301352ec235cbfb2ecbfcd4e8fba",
    "https://deno.land/std@0.165.0/node/internal/util/types.ts": "de6e2b7f9b9985ab881b1e78f05ae51d1fc829ae1584063df21e57b35312f3c4",
    "https://deno.land/std@0.165.0/node/internal/validators.mjs": "67deae0f488d013c8bf485742a5478112b8e48837cb2458c4a8b2669cf7017db",
    "https://deno.land/std@0.165.0/node/internal_binding/_libuv_winerror.ts": "801e05c2742ae6cd42a5f0fd555a255a7308a65732551e962e5345f55eedc519",
    "https://deno.land/std@0.165.0/node/internal_binding/_node.ts": "e4075ba8a37aef4eb5b592c8e3807c39cb49ca8653faf8e01a43421938076c1b",
    "https://deno.land/std@0.165.0/node/internal_binding/_utils.ts": "1c50883b5751a9ea1b38951e62ed63bacfdc9d69ea665292edfa28e1b1c5bd94",
    "https://deno.land/std@0.165.0/node/internal_binding/_winerror.ts": "8811d4be66f918c165370b619259c1f35e8c3e458b8539db64c704fbde0a7cd2",
    "https://deno.land/std@0.165.0/node/internal_binding/buffer.ts": "781e1d13adc924864e6e37ecb5152e8a4e994cf394695136e451c47f00bda76c",
    "https://deno.land/std@0.165.0/node/internal_binding/constants.ts": "f4afc504137fb21f3908ab549931604968dfa62432b285a0874f41c4cade9ed2",
    "https://deno.land/std@0.165.0/node/internal_binding/string_decoder.ts": "5cb1863763d1e9b458bc21d6f976f16d9c18b3b3f57eaf0ade120aee38fba227",
    "https://deno.land/std@0.165.0/node/internal_binding/types.ts": "4c26fb74ba2e45de553c15014c916df6789529a93171e450d5afb016b4c765e7",
    "https://deno.land/std@0.165.0/node/internal_binding/util.ts": "faf5146c3cc3b2d6c26026a818b4a16e91488ab26e63c069f36ba3c3ae24c97b",
    "https://deno.land/std@0.165.0/node/internal_binding/uv.ts": "3a63eebe0b69334bab5e9f037aadde1aef59ab21ab0e4cd01ac588d919be2c75",
    "https://deno.land/std@0.170.0/_util/asserts.ts": "d0844e9b62510f89ce1f9878b046f6a57bf88f208a10304aab50efcb48365272",
    "https://deno.land/std@0.170.0/_util/os.ts": "8a33345f74990e627b9dfe2de9b040004b08ea5146c7c9e8fe9a29070d193934",
    "https://deno.land/std@0.170.0/bytes/index_of_needle.ts": "19db73583cf6e038ca7763dd9fe9b9f2733ffa8be530d7b42f52bc9f3c2ee989",
    "https://deno.land/std@0.170.0/encoding/base64.ts": "8605e018e49211efc767686f6f687827d7f5fd5217163e981d8d693105640d7a",
    "https://deno.land/std@0.170.0/encoding/base64url.ts": "0283b12fcd306c11e3cf26fc022fecc800c6acc19704ea8bdb3908898fcd06d6",
    "https://deno.land/std@0.170.0/node/_core.ts": "92e000441742387f7ded7cc582ca4089c0bc13aa5f00cecdfa4876dc832dfd10",
    "https://deno.land/std@0.170.0/node/_utils.ts": "1085a229e910b3a6672f3c3be05507591811dc67be2ae2188e9fc9ef4376b172",
    "https://deno.land/std@0.170.0/node/buffer.ts": "43f07b2d1523345bf35b7deb7fcdad6e916020a631a7bc1b5efcaff556db4e1d",
    "https://deno.land/std@0.170.0/node/internal/buffer.d.ts": "90f674081428a61978b6d481c5f557ff743a3f4a85d7ae113caab48fdf5b8a63",
    "https://deno.land/std@0.170.0/node/internal/buffer.mjs": "50320a6bcf770f03428e77e5ba46b19f69842539c6493b89c6515ba1b0def6ee",
    "https://deno.land/std@0.170.0/node/internal/crypto/_keys.ts": "63229ff3d8d15b5bd0a1d2ebc19313cbb8ac969875bf16df1ce4f2b497d74fb5",
    "https://deno.land/std@0.170.0/node/internal/crypto/constants.ts": "d2c8821977aef55e4d66414d623c24a2447791a8b49b6404b8db32d81e20c315",
    "https://deno.land/std@0.170.0/node/internal/error_codes.ts": "ac03c4eae33de3a69d6c98e8678003207eecf75a6900eb847e3fea3c8c9e6d8f",
    "https://deno.land/std@0.170.0/node/internal/errors.ts": "b9aec7d1fe3eaf21322d0ea9dc2fcb344055d6b0c7a1bd0f62a0c379a5baa799",
    "https://deno.land/std@0.170.0/node/internal/hide_stack_frames.ts": "a91962ec84610bc7ec86022c4593cdf688156a5910c07b5bcd71994225c13a03",
    "https://deno.land/std@0.170.0/node/internal/normalize_encoding.mjs": "3779ec8a7adf5d963b0224f9b85d1bc974a2ec2db0e858396b5d3c2c92138a0a",
    "https://deno.land/std@0.170.0/node/internal/primordials.mjs": "7cf5afe471583e4a384eeea109bdff276b6b7f3a3af830f99f951fb7d57ef423",
    "https://deno.land/std@0.170.0/node/internal/util.mjs": "35d24fb775468cd24443bcf0ec68904b8aa44e5b53845491a5e3382421917f9a",
    "https://deno.land/std@0.170.0/node/internal/util/inspect.mjs": "1ddace0c97719d2cc0869ba177d375e96051301352ec235cbfb2ecbfcd4e8fba",
    "https://deno.land/std@0.170.0/node/internal/util/types.ts": "5b15a8051a6e58b6c1a424e0e7137b77b0ef60409d54d05db22a97e0d1d5b589",
    "https://deno.land/std@0.170.0/node/internal/validators.mjs": "67deae0f488d013c8bf485742a5478112b8e48837cb2458c4a8b2669cf7017db",
    "https://deno.land/std@0.170.0/node/internal_binding/_libuv_winerror.ts": "801e05c2742ae6cd42a5f0fd555a255a7308a65732551e962e5345f55eedc519",
    "https://deno.land/std@0.170.0/node/internal_binding/_node.ts": "e4075ba8a37aef4eb5b592c8e3807c39cb49ca8653faf8e01a43421938076c1b",
    "https://deno.land/std@0.170.0/node/internal_binding/_utils.ts": "1c50883b5751a9ea1b38951e62ed63bacfdc9d69ea665292edfa28e1b1c5bd94",
    "https://deno.land/std@0.170.0/node/internal_binding/_winerror.ts": "8811d4be66f918c165370b619259c1f35e8c3e458b8539db64c704fbde0a7cd2",
    "https://deno.land/std@0.170.0/node/internal_binding/buffer.ts": "dfba9e1a50b637cfd72e569aa11959dcaf626b898ab7e851d21526a2bdaec588",
    "https://deno.land/std@0.170.0/node/internal_binding/constants.ts": "1ad4de9f76733320527c8bc841b5e4dd5869424924384157a72f3b171bd05b08",
    "https://deno.land/std@0.170.0/node/internal_binding/string_decoder.ts": "5cb1863763d1e9b458bc21d6f976f16d9c18b3b3f57eaf0ade120aee38fba227",
    "https://deno.land/std@0.170.0/node/internal_binding/types.ts": "69000b1b92e0ca999c737f5add38827742b3ca3fe37a2389c80290de0ae6ef01",
    "https://deno.land/std@0.170.0/node/internal_binding/util.ts": "faf5146c3cc3b2d6c26026a818b4a16e91488ab26e63c069f36ba3c3ae24c97b",
    "https://deno.land/std@0.170.0/node/internal_binding/uv.ts": "27922aaec43de314afd99dfca1ce8f4d51ced9f5195e4917b54d387766404f61",
    "https://deno.land/std@0.173.0/_util/asserts.ts": "178dfc49a464aee693a7e285567b3d0b555dc805ff490505a8aae34f9cfb1462",
    "https://deno.land/std@0.173.0/_util/os.ts": "d932f56d41e4f6a6093d56044e29ce637f8dcc43c5a90af43504a889cf1775e3",
    "https://deno.land/std@0.173.0/bytes/index_of_needle.ts": "65c939607df609374c4415598fa4dad04a2f14c4d98cd15775216f0aaf597f24",
    "https://deno.land/std@0.173.0/encoding/base64.ts": "7de04c2f8aeeb41453b09b186480be90f2ff357613b988e99fabb91d2eeceba1",
    "https://deno.land/std@0.173.0/encoding/base64url.ts": "3f1178f6446834457b16bfde8b559c1cd3481727fe384d3385e4a9995dc2d851",
    "https://deno.land/std@0.173.0/node/_core.ts": "8667bf9129cdcbaac6f5c14f4def45ca954928baaa697a0ffdb0ee1556d4c644",
    "https://deno.land/std@0.173.0/node/_utils.ts": "7fd55872a0cf9275e3c080a60e2fa6d45b8de9e956ebcde9053e72a344185884",
    "https://deno.land/std@0.173.0/node/buffer.ts": "85617be2063eccaf177dbb84c7580d1e32023724ed14bd9df4e453b152a26167",
    "https://deno.land/std@0.173.0/node/internal/buffer.d.ts": "bdfa991cd88cb02fd08bf8235d2618550e3e511c970b2a8f2e1a6885a2793cac",
    "https://deno.land/std@0.173.0/node/internal/buffer.mjs": "e92303a3cc6d9aaabcd270a937ad9319825d9ba08cb332650944df4562029b27",
    "https://deno.land/std@0.173.0/node/internal/crypto/_keys.ts": "8f3c3b5a141aa0331a53c205e9338655f1b3b307a08085fd6ff6dda6f7c4190b",
    "https://deno.land/std@0.173.0/node/internal/crypto/constants.ts": "544d605703053218499b08214f2e25cf4310651d535b7ab995891c4b7a217693",
    "https://deno.land/std@0.173.0/node/internal/error_codes.ts": "8495e33f448a484518d76fa3d41d34fc20fe03c14b30130ad8e936b0035d4b8b",
    "https://deno.land/std@0.173.0/node/internal/errors.ts": "1c699b8a3cb93174f697a348c004b1c6d576b66688eac8a48ebb78e65c720aae",
    "https://deno.land/std@0.173.0/node/internal/hide_stack_frames.ts": "9dd1bad0a6e62a1042ce3a51eb1b1ecee2f246907bff44835f86e8f021de679a",
    "https://deno.land/std@0.173.0/node/internal/normalize_encoding.mjs": "fd1d9df61c44d7196432f6e8244621468715131d18cc79cd299fc78ac549f707",
    "https://deno.land/std@0.173.0/node/internal/primordials.mjs": "a72d86b5aa55d3d50b8e916b6a59b7cc0dc5a31da8937114b4a113ad5aa08c74",
    "https://deno.land/std@0.173.0/node/internal/util.mjs": "f7fe2e1ca5e66f550ad0856b9f5ee4d666f0c071fe212ea7fc7f37cfa81f97a5",
    "https://deno.land/std@0.173.0/node/internal/util/inspect.mjs": "11d7c9cab514b8e485acc3978c74b837263ff9c08ae4537fa18ad56bae633259",
    "https://deno.land/std@0.173.0/node/internal/util/types.ts": "4f3625ea39111eaae1443c834e769b0c5ce9ea33b31d5a853b02af6a78105178",
    "https://deno.land/std@0.173.0/node/internal/validators.mjs": "e02f2b02dd072a5d623970292588d541204dc82207b4c58985d933a5f4b382e6",
    "https://deno.land/std@0.173.0/node/internal_binding/_libuv_winerror.ts": "30c9569603d4b97a1f1a034d88a3f74800d5ea1f12fcc3d225c9899d4e1a518b",
    "https://deno.land/std@0.173.0/node/internal_binding/_node.ts": "cb2389b0eab121df99853eb6a5e3a684e4537e065fb8bf2cca0cbf219ce4e32e",
    "https://deno.land/std@0.173.0/node/internal_binding/_utils.ts": "7c58a2fbb031a204dee9583ba211cf9c67922112fe77e7f0b3226112469e9fe1",
    "https://deno.land/std@0.173.0/node/internal_binding/_winerror.ts": "3e8cfdfe22e89f13d2b28529bab35155e6b1730c0221ec5a6fc7077dc037be13",
    "https://deno.land/std@0.173.0/node/internal_binding/buffer.ts": "31729e0537921d6c730ad0afea44a7e8a0a1044d070ade8368226cb6f7390c8b",
    "https://deno.land/std@0.173.0/node/internal_binding/constants.ts": "21ff9d1ee71d0a2086541083a7711842fc6ae25e264dbf45c73815aadce06f4c",
    "https://deno.land/std@0.173.0/node/internal_binding/string_decoder.ts": "54c3c1cbd5a9254881be58bf22637965dc69535483014dab60487e299cb95445",
    "https://deno.land/std@0.173.0/node/internal_binding/types.ts": "5a658bf08975af30d0fad6fa6247274379be26ba3f023425bec03e61c74083ef",
    "https://deno.land/std@0.173.0/node/internal_binding/util.ts": "808ff3b92740284184ab824adfc420e75398c88c8bccf5111f0c24ac18c48f10",
    "https://deno.land/std@0.173.0/node/internal_binding/uv.ts": "eb0048e30af4db407fb3f95563e30d70efd6187051c033713b0a5b768593a3a3",
    "https://esm.sh/@supabase/supabase-js@2.0.0-rc.10": "5a60e596722d21e564b81e3c2bc6ec1f78f5f849ad36d0a083526734e302bc9e",
    "https://esm.sh/@supabase/supabase-js@2.1.0": "1607c880ba8479158077211b814576eaacfa0c9b85628c0079621c661e8820f4",
    "https://esm.sh/@supabase/supabase-js@2.2.2": "763aa0b458645e917be8d5084407a3f7a561d84a849e2a37a8518653f6f5e7d9",
    "https://esm.sh/@supabase/supabase-js@2.4.0": "433e0e636ccf2b7dde60cb824e62c5c446e3b357b913f1711509d388801aad85",
    "https://esm.sh/v102/@supabase/functions-js@2.0.0/deno/functions-js.js": "9781451275147d1a1ebee4c7c573bbf87def4e75f98d5347449612a16b805d83",
    "https://esm.sh/v102/@supabase/functions-js@2.0.0/dist/module/FunctionsClient.d.ts": "ef3d2f4fb207809a3b0eec96066238a25489388c6b38e066be70dfd6c41c65df",
    "https://esm.sh/v102/@supabase/functions-js@2.0.0/dist/module/index.d.ts": "77215ae20a49e5cd6c18054f53e479ffcd70dcea12e7bf6a6a0df86ff9a486f7",
    "https://esm.sh/v102/@supabase/functions-js@2.0.0/dist/module/types.d.ts": "264972165defc2488da3121ddbcb4d7f5438042e10d995d250d87f4a3ff5b2a9",
    "https://esm.sh/v102/@supabase/gotrue-js@2.6.1/deno/gotrue-js.js": "b2174e1781e22ad8222fe7b0252d807200acdc4a9d82322ab3d7f010c7b949ce",
    "https://esm.sh/v102/@supabase/gotrue-js@2.6.1/dist/module/GoTrueAdminApi.d.ts": "526cc3c5f9b976b31144c4f61a9a5c7f1e12472fdb7f9b55cd0625a98d943db2",
    "https://esm.sh/v102/@supabase/gotrue-js@2.6.1/dist/module/GoTrueClient.d.ts": "3226546db5620dac74b3db4fd648bf403a779d6f8dc812dcd654822470b905df",
    "https://esm.sh/v102/@supabase/gotrue-js@2.6.1/dist/module/index.d.ts": "8cdbab5746a3ce56786025593191032aeb560f933279507c260d2bb65e83b636",
    "https://esm.sh/v102/@supabase/gotrue-js@2.6.1/dist/module/lib/errors.d.ts": "17c2d3e8e939900632ef7c75b97a4c6595757e3b812698d593ad873b76d61114",
    "https://esm.sh/v102/@supabase/gotrue-js@2.6.1/dist/module/lib/fetch.d.ts": "0124365bdd93bdaefc37112cad6eafefdb01ae36c657770a64df7dbf5f305342",
    "https://esm.sh/v102/@supabase/gotrue-js@2.6.1/dist/module/lib/helpers.d.ts": "e796fb3014acf38a73dcce31fe43ad464f9222d127b03f8e5a2ff99f66f8be46",
    "https://esm.sh/v102/@supabase/gotrue-js@2.6.1/dist/module/lib/types.d.ts": "3379dd9ab924f26527e0fcec3ddd8b464d7765526d1d2f3d16106ea8ddd140fe",
    "https://esm.sh/v102/@supabase/postgrest-js@1.1.1/deno/postgrest-js.js": "a145bed28ac05353aa67fa5780dd6a5908b3e685ddab442f0daa4dc5b07b4103",
    "https://esm.sh/v102/@supabase/postgrest-js@1.1.1/dist/module/PostgrestBuilder.d.ts": "53a0460f748330c1be55f76afa210fe6097a20aac9af7a2b48c52710e15d793c",
    "https://esm.sh/v102/@supabase/postgrest-js@1.1.1/dist/module/PostgrestClient.d.ts": "70bddc51d63d92a5f6817be70f4e0d232c6758b425792adb6a9912844aa18747",
    "https://esm.sh/v102/@supabase/postgrest-js@1.1.1/dist/module/PostgrestFilterBuilder.d.ts": "a5c93476d23858a561734a206dd583c1b0fe319f3e9856f69e79134608439e62",
    "https://esm.sh/v102/@supabase/postgrest-js@1.1.1/dist/module/PostgrestQueryBuilder.d.ts": "46b4ffa53e3afee3328a902e4c724b19636ca0d1ceb64d7eba02e98fa2be273f",
    "https://esm.sh/v102/@supabase/postgrest-js@1.1.1/dist/module/PostgrestTransformBuilder.d.ts": "6e74821d9c6eca911da2b4aae003feadce8874d4234cbc78c649f59ba5face72",
    "https://esm.sh/v102/@supabase/postgrest-js@1.1.1/dist/module/index.d.ts": "539d964aeedfc1c2832f32e3fdc13969b28170efda9e8b457a322957350071df",
    "https://esm.sh/v102/@supabase/postgrest-js@1.1.1/dist/module/select-query-parser.d.ts": "ccb0e08ef4df890abaccea4450aab5c28bdcf21642a91195a8e93363f0a463b1",
    "https://esm.sh/v102/@supabase/postgrest-js@1.1.1/dist/module/types.d.ts": "8d9f16269624f9d48594061cc2bc43c52823b1be77360c585e7c8e5c498b32a3",
    "https://esm.sh/v102/@supabase/realtime-js@2.1.0/deno/realtime-js.js": "35be1dec45e9d353ff080654573fe2433af5e84268a574f943874f1385ab3abd",
    "https://esm.sh/v102/@supabase/realtime-js@2.1.0/dist/module/RealtimeChannel.d.ts": "9dfd1e58a2892ca73d0897f1b42bcf11eea4a9c389ba304bd84385e4903ad2fc",
    "https://esm.sh/v102/@supabase/realtime-js@2.1.0/dist/module/RealtimeClient.d.ts": "a3269522e03dc98583c8024a1bbaece447c19f58f2dbe4284074f3e24d9b0e9e",
    "https://esm.sh/v102/@supabase/realtime-js@2.1.0/dist/module/RealtimePresence.d.ts": "d01bd7dcf86be9165ce2578c8dde323ea54b0167684a94bc1e1c3b5fd19a472e",
    "https://esm.sh/v102/@supabase/realtime-js@2.1.0/dist/module/index.d.ts": "eeff0dbcd61707a889eb2370cf3617ef42ddc2f71d7d4d18e1e43542893c066d",
    "https://esm.sh/v102/@supabase/realtime-js@2.1.0/dist/module/lib/constants.d.ts": "b8392f2eb7cf41c3479c142875adbbe4b48bfafdced532165abc1cc68aa20cb5",
    "https://esm.sh/v102/@supabase/realtime-js@2.1.0/dist/module/lib/push.d.ts": "65459f6c4c166a7264b5a7a761414c9bf4e0d2dbf0803e1e53e2ecefdbaa1e1d",
    "https://esm.sh/v102/@supabase/realtime-js@2.1.0/dist/module/lib/serializer.d.ts": "4990f875f6e9a1898655fdba7b822222f8b930bfb7c9253b4f047aa4b05d4ca1",
    "https://esm.sh/v102/@supabase/realtime-js@2.1.0/dist/module/lib/timer.d.ts": "ddf170afd193dc372316ed1f4a087f0e9732a5b8bd9cb9e5c3ac74f1cc676e31",
    "https://esm.sh/v102/@supabase/storage-js@2.1.0/deno/storage-js.js": "c301792704af09e60bf787b904a3bb9c1d9e9ca67f52ebc0b3f2873fc24f5663",
    "https://esm.sh/v102/@supabase/storage-js@2.1.0/dist/module/StorageClient.d.ts": "716bdde7f3ea8f49606ac540ceb4b410facb9526668711ffb5676f7935f3408d",
    "https://esm.sh/v102/@supabase/storage-js@2.1.0/dist/module/index.d.ts": "07800a0eea5587ec26d8932a4f5f10871b9e017292ab05b74b27154fb5f98860",
    "https://esm.sh/v102/@supabase/storage-js@2.1.0/dist/module/lib/errors.d.ts": "753c82a97a0e1b05fec3989af93e4fbf2f4a3da3957584613768593ef5cc8bfc",
    "https://esm.sh/v102/@supabase/storage-js@2.1.0/dist/module/lib/fetch.d.ts": "18b68d37f6564cc754ade6371fc7e655a775e91b10abf0f45d0c037b93436761",
    "https://esm.sh/v102/@supabase/storage-js@2.1.0/dist/module/lib/types.d.ts": "1ad0ab22bed5b3a00fd990bd01eefa65deb980d8991698aba99a08ab8152f3f5",
    "https://esm.sh/v102/@supabase/storage-js@2.1.0/dist/module/packages/StorageBucketApi.d.ts": "fcdbe1b00e3430099530a00a3cfb446e5065a715e0eaae55ae3fcc681de38e29",
    "https://esm.sh/v102/@supabase/storage-js@2.1.0/dist/module/packages/StorageFileApi.d.ts": "1106fbf9b4e2e3a8e5168dda219f3ecb2c6c9a3fe7f5f28cb102dc77930547f5",
    "https://esm.sh/v102/@supabase/supabase-js@2.2.2/deno/supabase-js.js": "2606c8b72f7c8059e209bc8b1a7981b32656677a9c445929930592b3ec070288",
    "https://esm.sh/v102/@supabase/supabase-js@2.2.2/dist/module/SupabaseClient.d.ts": "9e3807230a4f8131bedcfc03a9ce95e96dc6b887662bc7f47da8a8edfea56e9b",
    "https://esm.sh/v102/@supabase/supabase-js@2.2.2/dist/module/index.d.ts": "c73e609d83f0904047822a28c59b24fd028c7ba624a01a595752ab0dcd79969c",
    "https://esm.sh/v102/@supabase/supabase-js@2.2.2/dist/module/lib/SupabaseAuthClient.d.ts": "ad81f4b6954fb37f743436620632a9032af62118ed1889f4cbbac155f3691190",
    "https://esm.sh/v102/@supabase/supabase-js@2.2.2/dist/module/lib/types.d.ts": "bc7ee8967c89a974d47110d8a3c65b4b15464a0b5f1be59faac5213cc9a5aaea",
    "https://esm.sh/v102/@types/phoenix@1.5.4/index.d.ts": "5bedfe185f19a13c7df212e1eec2584b710b9db5fd5e73b767df2e6116313565",
    "https://esm.sh/v102/cross-fetch@3.1.5/deno/cross-fetch.js": "6623ff9b8dc94523869d9a2615cf6d2f02a918b3ae1c6ece9306cac9c641b054",
    "https://esm.sh/v102/es5-ext@0.10.62/deno/global.js": "17f5318602f1810be13fba7eb0d5fc2d8ac3dd5117f1ff13f8377eab2e2a4784",
    "https://esm.sh/v102/node.ns.d.ts": "0fb081f0cd2150931bd54baa04f31466abd9ca701fd9060d07931402cf8367ba",
    "https://esm.sh/v102/websocket@1.0.34/deno/websocket.js": "5b8a13bd19930dfcc86c3da4c6a069f4d49f0281584a856d3f09c05e7dcaa187",
    "https://esm.sh/v103/@supabase/functions-js@2.0.0/deno/functions-js.js": "f0b444b00ad943e683af64bb51f492d69ae80f96e894d6ef2f4c3a453ca1222e",
    "https://esm.sh/v103/@supabase/functions-js@2.0.0/dist/module/FunctionsClient.d.ts": "ef3d2f4fb207809a3b0eec96066238a25489388c6b38e066be70dfd6c41c65df",
    "https://esm.sh/v103/@supabase/functions-js@2.0.0/dist/module/index.d.ts": "77215ae20a49e5cd6c18054f53e479ffcd70dcea12e7bf6a6a0df86ff9a486f7",
    "https://esm.sh/v103/@supabase/functions-js@2.0.0/dist/module/types.d.ts": "264972165defc2488da3121ddbcb4d7f5438042e10d995d250d87f4a3ff5b2a9",
    "https://esm.sh/v103/@supabase/gotrue-js@2.7.0/deno/gotrue-js.js": "4eaa9f4a3f778b1c60c8ef61694d20bafe457e011db5f111bf63a27adfbe3b8b",
    "https://esm.sh/v103/@supabase/gotrue-js@2.7.0/dist/module/GoTrueAdminApi.d.ts": "526cc3c5f9b976b31144c4f61a9a5c7f1e12472fdb7f9b55cd0625a98d943db2",
    "https://esm.sh/v103/@supabase/gotrue-js@2.7.0/dist/module/GoTrueClient.d.ts": "19a629b15d1328f7b673e1e8279abdd69038c1a783e0abce789a0f7a2211e617",
    "https://esm.sh/v103/@supabase/gotrue-js@2.7.0/dist/module/index.d.ts": "8cdbab5746a3ce56786025593191032aeb560f933279507c260d2bb65e83b636",
    "https://esm.sh/v103/@supabase/gotrue-js@2.7.0/dist/module/lib/errors.d.ts": "aba89c1be014c919b2ed0cd2379d71d9271f85fc8ecc850b23514710184e2b0d",
    "https://esm.sh/v103/@supabase/gotrue-js@2.7.0/dist/module/lib/fetch.d.ts": "0124365bdd93bdaefc37112cad6eafefdb01ae36c657770a64df7dbf5f305342",
    "https://esm.sh/v103/@supabase/gotrue-js@2.7.0/dist/module/lib/helpers.d.ts": "e796fb3014acf38a73dcce31fe43ad464f9222d127b03f8e5a2ff99f66f8be46",
    "https://esm.sh/v103/@supabase/gotrue-js@2.7.0/dist/module/lib/types.d.ts": "6e16e2361d88841c480ad35cbca55a4dd5713cb3297c0f5d1aa8b2d6cc97faf4",
    "https://esm.sh/v103/@supabase/postgrest-js@1.1.1/deno/postgrest-js.js": "ec62d707d8f54b6e1e5b810f48f7364f10e4ba195743dab4ab08527177e65d18",
    "https://esm.sh/v103/@supabase/postgrest-js@1.1.1/dist/module/PostgrestBuilder.d.ts": "53a0460f748330c1be55f76afa210fe6097a20aac9af7a2b48c52710e15d793c",
    "https://esm.sh/v103/@supabase/postgrest-js@1.1.1/dist/module/PostgrestClient.d.ts": "70bddc51d63d92a5f6817be70f4e0d232c6758b425792adb6a9912844aa18747",
    "https://esm.sh/v103/@supabase/postgrest-js@1.1.1/dist/module/PostgrestFilterBuilder.d.ts": "a5c93476d23858a561734a206dd583c1b0fe319f3e9856f69e79134608439e62",
    "https://esm.sh/v103/@supabase/postgrest-js@1.1.1/dist/module/PostgrestQueryBuilder.d.ts": "46b4ffa53e3afee3328a902e4c724b19636ca0d1ceb64d7eba02e98fa2be273f",
    "https://esm.sh/v103/@supabase/postgrest-js@1.1.1/dist/module/PostgrestTransformBuilder.d.ts": "6e74821d9c6eca911da2b4aae003feadce8874d4234cbc78c649f59ba5face72",
    "https://esm.sh/v103/@supabase/postgrest-js@1.1.1/dist/module/index.d.ts": "539d964aeedfc1c2832f32e3fdc13969b28170efda9e8b457a322957350071df",
    "https://esm.sh/v103/@supabase/postgrest-js@1.1.1/dist/module/select-query-parser.d.ts": "ccb0e08ef4df890abaccea4450aab5c28bdcf21642a91195a8e93363f0a463b1",
    "https://esm.sh/v103/@supabase/postgrest-js@1.1.1/dist/module/types.d.ts": "8d9f16269624f9d48594061cc2bc43c52823b1be77360c585e7c8e5c498b32a3",
    "https://esm.sh/v103/@supabase/realtime-js@2.3.1/deno/realtime-js.js": "f730a8000b69f3cb6f0f0f4efc90f82c9af7dca225fec7cd6b643baea2117fae",
    "https://esm.sh/v103/@supabase/realtime-js@2.3.1/dist/module/RealtimeChannel.d.ts": "d61eabfcda5f264001ece1ba28b329b85c4518e43de69e05629f667d1a077eeb",
    "https://esm.sh/v103/@supabase/realtime-js@2.3.1/dist/module/RealtimeClient.d.ts": "f3df0873f1151c1b9a729306e7542f79b50fdcc558798731795562e53ea6d608",
    "https://esm.sh/v103/@supabase/realtime-js@2.3.1/dist/module/RealtimePresence.d.ts": "bfe305f48a20447d5253bbd89e4d8b8c35883784462629515bacc72d075acb49",
    "https://esm.sh/v103/@supabase/realtime-js@2.3.1/dist/module/index.d.ts": "eeff0dbcd61707a889eb2370cf3617ef42ddc2f71d7d4d18e1e43542893c066d",
    "https://esm.sh/v103/@supabase/realtime-js@2.3.1/dist/module/lib/constants.d.ts": "b8392f2eb7cf41c3479c142875adbbe4b48bfafdced532165abc1cc68aa20cb5",
    "https://esm.sh/v103/@supabase/realtime-js@2.3.1/dist/module/lib/push.d.ts": "65459f6c4c166a7264b5a7a761414c9bf4e0d2dbf0803e1e53e2ecefdbaa1e1d",
    "https://esm.sh/v103/@supabase/realtime-js@2.3.1/dist/module/lib/serializer.d.ts": "4990f875f6e9a1898655fdba7b822222f8b930bfb7c9253b4f047aa4b05d4ca1",
    "https://esm.sh/v103/@supabase/realtime-js@2.3.1/dist/module/lib/timer.d.ts": "ddf170afd193dc372316ed1f4a087f0e9732a5b8bd9cb9e5c3ac74f1cc676e31",
    "https://esm.sh/v103/@supabase/storage-js@2.1.0/deno/storage-js.js": "ce158ee4d11401cb7e37a8742ed7db819266815f5fb66a0e944892d4d7b677be",
    "https://esm.sh/v103/@supabase/storage-js@2.1.0/dist/module/StorageClient.d.ts": "716bdde7f3ea8f49606ac540ceb4b410facb9526668711ffb5676f7935f3408d",
    "https://esm.sh/v103/@supabase/storage-js@2.1.0/dist/module/index.d.ts": "07800a0eea5587ec26d8932a4f5f10871b9e017292ab05b74b27154fb5f98860",
    "https://esm.sh/v103/@supabase/storage-js@2.1.0/dist/module/lib/errors.d.ts": "753c82a97a0e1b05fec3989af93e4fbf2f4a3da3957584613768593ef5cc8bfc",
    "https://esm.sh/v103/@supabase/storage-js@2.1.0/dist/module/lib/fetch.d.ts": "18b68d37f6564cc754ade6371fc7e655a775e91b10abf0f45d0c037b93436761",
    "https://esm.sh/v103/@supabase/storage-js@2.1.0/dist/module/lib/types.d.ts": "1ad0ab22bed5b3a00fd990bd01eefa65deb980d8991698aba99a08ab8152f3f5",
    "https://esm.sh/v103/@supabase/storage-js@2.1.0/dist/module/packages/StorageBucketApi.d.ts": "fcdbe1b00e3430099530a00a3cfb446e5065a715e0eaae55ae3fcc681de38e29",
    "https://esm.sh/v103/@supabase/storage-js@2.1.0/dist/module/packages/StorageFileApi.d.ts": "2e7842343630ea7c3575e5de80b841a58dddaa434edb643546822c405bc6197d",
    "https://esm.sh/v103/@supabase/supabase-js@2.4.0/deno/supabase-js.js": "7c56533084dd3979b5a19c35ae072283831359bb10ffe0d83833e1b22ee285fb",
    "https://esm.sh/v103/@supabase/supabase-js@2.4.0/dist/module/SupabaseClient.d.ts": "ef1ce79d2f1b0b02f13118afe61181bfb60966304d082ebd5f72fb1608d95b68",
    "https://esm.sh/v103/@supabase/supabase-js@2.4.0/dist/module/index.d.ts": "17b440ef6e7d3eae1b11724ffc41d08f2a1cecc9280bd78600140c355e29163b",
    "https://esm.sh/v103/@supabase/supabase-js@2.4.0/dist/module/lib/SupabaseAuthClient.d.ts": "581da8d450287287756c5689346366d2a5eb92f7bb2330bc2ab6a74be4894311",
    "https://esm.sh/v103/@supabase/supabase-js@2.4.0/dist/module/lib/types.d.ts": "7f3aaef293f9fe4d2ca11855fb75dc7a05880b69c7d32cba20c9489fc427da85",
    "https://esm.sh/v103/@types/phoenix@1.5.4/index.d.ts": "5bedfe185f19a13c7df212e1eec2584b710b9db5fd5e73b767df2e6116313565",
    "https://esm.sh/v103/cross-fetch@3.1.5/deno/cross-fetch.js": "6623ff9b8dc94523869d9a2615cf6d2f02a918b3ae1c6ece9306cac9c641b054",
    "https://esm.sh/v103/es5-ext@0.10.62/deno/global.js": "17f5318602f1810be13fba7eb0d5fc2d8ac3dd5117f1ff13f8377eab2e2a4784",
    "https://esm.sh/v103/node.ns.d.ts": "0fb081f0cd2150931bd54baa04f31466abd9ca701fd9060d07931402cf8367ba",
    "https://esm.sh/v103/websocket@1.0.34/deno/websocket.js": "352bc783736eb21f04535b833414d275a0754cf07be7b5cd76d9678662b91a07",
    "https://esm.sh/v98/@supabase/functions-js@2.0.0/deno/functions-js.js": "b34ecfed2f0b4ebe39109664a21e83e33c2ba3fe994dc21d2bda275915918e32",
    "https://esm.sh/v98/@supabase/functions-js@2.0.0/dist/module/FunctionsClient.d.ts": "ef3d2f4fb207809a3b0eec96066238a25489388c6b38e066be70dfd6c41c65df",
    "https://esm.sh/v98/@supabase/functions-js@2.0.0/dist/module/index.d.ts": "77215ae20a49e5cd6c18054f53e479ffcd70dcea12e7bf6a6a0df86ff9a486f7",
    "https://esm.sh/v98/@supabase/functions-js@2.0.0/dist/module/types.d.ts": "264972165defc2488da3121ddbcb4d7f5438042e10d995d250d87f4a3ff5b2a9",
    "https://esm.sh/v98/@supabase/gotrue-js@2.3.0/deno/gotrue-js.js": "a0949222d3c015ba0a8775ccf9f509cfecf4c027aaf6cfd43cd9426fc90b87c9",
    "https://esm.sh/v98/@supabase/gotrue-js@2.3.0/dist/module/GoTrueAdminApi.d.ts": "7786772b87361b4c6d94c526508be9a32b009a376aad827b9867bbc9fb9f446b",
    "https://esm.sh/v98/@supabase/gotrue-js@2.3.0/dist/module/GoTrueClient.d.ts": "a2fcbcfbfade3c900a30edc0346e76aa048a8d77173e325a9ea9ebcaf0a98efe",
    "https://esm.sh/v98/@supabase/gotrue-js@2.3.0/dist/module/index.d.ts": "8cdbab5746a3ce56786025593191032aeb560f933279507c260d2bb65e83b636",
    "https://esm.sh/v98/@supabase/gotrue-js@2.3.0/dist/module/lib/errors.d.ts": "d32ab7050dec22406af3e46d42ee5fcb94a78ef027d815eb98ccaf288b92711f",
    "https://esm.sh/v98/@supabase/gotrue-js@2.3.0/dist/module/lib/fetch.d.ts": "32ba5f3417b4e914eaf22475573fa4bec42112d5f280d3203d2d2e0be77fde27",
    "https://esm.sh/v98/@supabase/gotrue-js@2.3.0/dist/module/lib/helpers.d.ts": "e796fb3014acf38a73dcce31fe43ad464f9222d127b03f8e5a2ff99f66f8be46",
    "https://esm.sh/v98/@supabase/gotrue-js@2.3.0/dist/module/lib/types.d.ts": "8b884f6883336070525f828ce38a3f031685d1e0633aae5493d22dcac0f48919",
    "https://esm.sh/v98/@supabase/postgrest-js@1.1.0/deno/postgrest-js.js": "279341a797dc9df97c6b4983e82e8bcc8d467cc5c9fc5e9fd0c30233c915e0b6",
    "https://esm.sh/v98/@supabase/postgrest-js@1.1.0/dist/module/PostgrestBuilder.d.ts": "53a0460f748330c1be55f76afa210fe6097a20aac9af7a2b48c52710e15d793c",
    "https://esm.sh/v98/@supabase/postgrest-js@1.1.0/dist/module/PostgrestClient.d.ts": "ce1e36986a4688604dc37f107f604562bb3082a8099d22d7d10221f002ac15c2",
    "https://esm.sh/v98/@supabase/postgrest-js@1.1.0/dist/module/PostgrestFilterBuilder.d.ts": "3429e99dacef5b55b13eae08fd65f51774d90668a78a7b60efad62a4aeb03836",
    "https://esm.sh/v98/@supabase/postgrest-js@1.1.0/dist/module/PostgrestQueryBuilder.d.ts": "46b4ffa53e3afee3328a902e4c724b19636ca0d1ceb64d7eba02e98fa2be273f",
    "https://esm.sh/v98/@supabase/postgrest-js@1.1.0/dist/module/PostgrestTransformBuilder.d.ts": "52cca44580919542daf99f2754d9541ffa4bd5e6cb8cc8d1de8918297a1a0f5a",
    "https://esm.sh/v98/@supabase/postgrest-js@1.1.0/dist/module/index.d.ts": "539d964aeedfc1c2832f32e3fdc13969b28170efda9e8b457a322957350071df",
    "https://esm.sh/v98/@supabase/postgrest-js@1.1.0/dist/module/select-query-parser.d.ts": "ccb0e08ef4df890abaccea4450aab5c28bdcf21642a91195a8e93363f0a463b1",
    "https://esm.sh/v98/@supabase/postgrest-js@1.1.0/dist/module/types.d.ts": "8d9f16269624f9d48594061cc2bc43c52823b1be77360c585e7c8e5c498b32a3",
    "https://esm.sh/v98/@supabase/realtime-js@2.1.0/deno/realtime-js.js": "f129e3c38b2e12c229299fc5009d0cd4b731c46393c7c824c77f9444a2d3ef73",
    "https://esm.sh/v98/@supabase/realtime-js@2.1.0/dist/module/RealtimeChannel.d.ts": "9dfd1e58a2892ca73d0897f1b42bcf11eea4a9c389ba304bd84385e4903ad2fc",
    "https://esm.sh/v98/@supabase/realtime-js@2.1.0/dist/module/RealtimeClient.d.ts": "a3269522e03dc98583c8024a1bbaece447c19f58f2dbe4284074f3e24d9b0e9e",
    "https://esm.sh/v98/@supabase/realtime-js@2.1.0/dist/module/RealtimePresence.d.ts": "247851474c1a150953b83dd65bc482917d446fc7793cb3548a4dec9539d12216",
    "https://esm.sh/v98/@supabase/realtime-js@2.1.0/dist/module/index.d.ts": "eeff0dbcd61707a889eb2370cf3617ef42ddc2f71d7d4d18e1e43542893c066d",
    "https://esm.sh/v98/@supabase/realtime-js@2.1.0/dist/module/lib/constants.d.ts": "b8392f2eb7cf41c3479c142875adbbe4b48bfafdced532165abc1cc68aa20cb5",
    "https://esm.sh/v98/@supabase/realtime-js@2.1.0/dist/module/lib/push.d.ts": "65459f6c4c166a7264b5a7a761414c9bf4e0d2dbf0803e1e53e2ecefdbaa1e1d",
    "https://esm.sh/v98/@supabase/realtime-js@2.1.0/dist/module/lib/serializer.d.ts": "4990f875f6e9a1898655fdba7b822222f8b930bfb7c9253b4f047aa4b05d4ca1",
    "https://esm.sh/v98/@supabase/realtime-js@2.1.0/dist/module/lib/timer.d.ts": "ddf170afd193dc372316ed1f4a087f0e9732a5b8bd9cb9e5c3ac74f1cc676e31",
    "https://esm.sh/v98/@supabase/storage-js@2.0.0/deno/storage-js.js": "52db528ef945e7b341b2349127408f0561ea88b09d5d1a1dd32e4f89892ef850",
    "https://esm.sh/v98/@supabase/storage-js@2.0.0/dist/module/StorageClient.d.ts": "716bdde7f3ea8f49606ac540ceb4b410facb9526668711ffb5676f7935f3408d",
    "https://esm.sh/v98/@supabase/storage-js@2.0.0/dist/module/index.d.ts": "07800a0eea5587ec26d8932a4f5f10871b9e017292ab05b74b27154fb5f98860",
    "https://esm.sh/v98/@supabase/storage-js@2.0.0/dist/module/lib/errors.d.ts": "753c82a97a0e1b05fec3989af93e4fbf2f4a3da3957584613768593ef5cc8bfc",
    "https://esm.sh/v98/@supabase/storage-js@2.0.0/dist/module/lib/fetch.d.ts": "18b68d37f6564cc754ade6371fc7e655a775e91b10abf0f45d0c037b93436761",
    "https://esm.sh/v98/@supabase/storage-js@2.0.0/dist/module/lib/types.d.ts": "cabd4cd9d7f58317273bd3b8f4b32f70a31b87d5a61605a16be6a08fa132ad4a",
    "https://esm.sh/v98/@supabase/storage-js@2.0.0/dist/module/packages/StorageBucketApi.d.ts": "fcdbe1b00e3430099530a00a3cfb446e5065a715e0eaae55ae3fcc681de38e29",
    "https://esm.sh/v98/@supabase/storage-js@2.0.0/dist/module/packages/StorageFileApi.d.ts": "3bd469d06b038285a0104acf2ac6a88d7163fb695083603b69aa687b555aa423",
    "https://esm.sh/v98/@supabase/supabase-js@2.0.0-rc.10/deno/supabase-js.js": "065cc642d04a7c4057d4038c620eb347b038fc03929faaf745e643aff11d8186",
    "https://esm.sh/v98/@supabase/supabase-js@2.0.0-rc.10/dist/module/SupabaseClient.d.ts": "948637e9a1185d88c58e54ef0fa722640816b304cf5a7ba24736ed19883c6e9a",
    "https://esm.sh/v98/@supabase/supabase-js@2.0.0-rc.10/dist/module/index.d.ts": "179310748187269d768aaaa2cf449233a7d4233c212a9b48b2848a39ea412773",
    "https://esm.sh/v98/@supabase/supabase-js@2.0.0-rc.10/dist/module/lib/SupabaseAuthClient.d.ts": "961632377252b2295bda4ac95a98955fae0e3e89e0358bf59ebb3ce21cf34450",
    "https://esm.sh/v98/@supabase/supabase-js@2.0.0-rc.10/dist/module/lib/types.d.ts": "f726a0805ac9d694d6691e2e06518c76b2e899a6bd2a70f24d96a5940d373487",
    "https://esm.sh/v98/@types/phoenix@1.5.4/index.d.ts": "5bedfe185f19a13c7df212e1eec2584b710b9db5fd5e73b767df2e6116313565",
    "https://esm.sh/v98/cross-fetch@3.1.5/deno/cross-fetch.js": "6623ff9b8dc94523869d9a2615cf6d2f02a918b3ae1c6ece9306cac9c641b054",
    "https://esm.sh/v98/es5-ext@0.10.62/deno/global.js": "17f5318602f1810be13fba7eb0d5fc2d8ac3dd5117f1ff13f8377eab2e2a4784",
    "https://esm.sh/v98/node.ns.d.ts": "0fb081f0cd2150931bd54baa04f31466abd9ca701fd9060d07931402cf8367ba",
    "https://esm.sh/v98/websocket@1.0.34/deno/websocket.js": "fb3cf35c24667a3b9db628ea5bc6d8968bd067300878f564d35092bbb40e61e2",
    "https://esm.sh/v99/@supabase/functions-js@2.0.0/deno/functions-js.js": "3ee50410300b1ff8fe902a37becba4778a3d22ebc750e1c0244fb4f80f1cf133",
    "https://esm.sh/v99/@supabase/functions-js@2.0.0/dist/module/FunctionsClient.d.ts": "ef3d2f4fb207809a3b0eec96066238a25489388c6b38e066be70dfd6c41c65df",
    "https://esm.sh/v99/@supabase/functions-js@2.0.0/dist/module/index.d.ts": "77215ae20a49e5cd6c18054f53e479ffcd70dcea12e7bf6a6a0df86ff9a486f7",
    "https://esm.sh/v99/@supabase/functions-js@2.0.0/dist/module/types.d.ts": "264972165defc2488da3121ddbcb4d7f5438042e10d995d250d87f4a3ff5b2a9",
    "https://esm.sh/v99/@supabase/gotrue-js@2.3.0/deno/gotrue-js.js": "f2df7e6c1a8a9844db22c376b5435a6d16a059f245594b77a5381d17766c0825",
    "https://esm.sh/v99/@supabase/gotrue-js@2.3.0/dist/module/GoTrueAdminApi.d.ts": "7786772b87361b4c6d94c526508be9a32b009a376aad827b9867bbc9fb9f446b",
    "https://esm.sh/v99/@supabase/gotrue-js@2.3.0/dist/module/GoTrueClient.d.ts": "a2fcbcfbfade3c900a30edc0346e76aa048a8d77173e325a9ea9ebcaf0a98efe",
    "https://esm.sh/v99/@supabase/gotrue-js@2.3.0/dist/module/index.d.ts": "8cdbab5746a3ce56786025593191032aeb560f933279507c260d2bb65e83b636",
    "https://esm.sh/v99/@supabase/gotrue-js@2.3.0/dist/module/lib/errors.d.ts": "d32ab7050dec22406af3e46d42ee5fcb94a78ef027d815eb98ccaf288b92711f",
    "https://esm.sh/v99/@supabase/gotrue-js@2.3.0/dist/module/lib/fetch.d.ts": "32ba5f3417b4e914eaf22475573fa4bec42112d5f280d3203d2d2e0be77fde27",
    "https://esm.sh/v99/@supabase/gotrue-js@2.3.0/dist/module/lib/helpers.d.ts": "e796fb3014acf38a73dcce31fe43ad464f9222d127b03f8e5a2ff99f66f8be46",
    "https://esm.sh/v99/@supabase/gotrue-js@2.3.0/dist/module/lib/types.d.ts": "8b884f6883336070525f828ce38a3f031685d1e0633aae5493d22dcac0f48919",
    "https://esm.sh/v99/@supabase/postgrest-js@1.1.0/deno/postgrest-js.js": "ca83f244a290dff5e92acd6dd95b2b175ea38e83d203c2b2799dce06cbdf28db",
    "https://esm.sh/v99/@supabase/postgrest-js@1.1.0/dist/module/PostgrestBuilder.d.ts": "53a0460f748330c1be55f76afa210fe6097a20aac9af7a2b48c52710e15d793c",
    "https://esm.sh/v99/@supabase/postgrest-js@1.1.0/dist/module/PostgrestClient.d.ts": "ce1e36986a4688604dc37f107f604562bb3082a8099d22d7d10221f002ac15c2",
    "https://esm.sh/v99/@supabase/postgrest-js@1.1.0/dist/module/PostgrestFilterBuilder.d.ts": "3429e99dacef5b55b13eae08fd65f51774d90668a78a7b60efad62a4aeb03836",
    "https://esm.sh/v99/@supabase/postgrest-js@1.1.0/dist/module/PostgrestQueryBuilder.d.ts": "46b4ffa53e3afee3328a902e4c724b19636ca0d1ceb64d7eba02e98fa2be273f",
    "https://esm.sh/v99/@supabase/postgrest-js@1.1.0/dist/module/PostgrestTransformBuilder.d.ts": "52cca44580919542daf99f2754d9541ffa4bd5e6cb8cc8d1de8918297a1a0f5a",
    "https://esm.sh/v99/@supabase/postgrest-js@1.1.0/dist/module/index.d.ts": "539d964aeedfc1c2832f32e3fdc13969b28170efda9e8b457a322957350071df",
    "https://esm.sh/v99/@supabase/postgrest-js@1.1.0/dist/module/select-query-parser.d.ts": "ccb0e08ef4df890abaccea4450aab5c28bdcf21642a91195a8e93363f0a463b1",
    "https://esm.sh/v99/@supabase/postgrest-js@1.1.0/dist/module/types.d.ts": "8d9f16269624f9d48594061cc2bc43c52823b1be77360c585e7c8e5c498b32a3",
    "https://esm.sh/v99/@supabase/realtime-js@2.1.0/deno/realtime-js.js": "0a40f04f2f0f45bac8d7de6b48d32339b295a5885727f4afdb1267c56c7e41ec",
    "https://esm.sh/v99/@supabase/realtime-js@2.1.0/dist/module/RealtimeChannel.d.ts": "9dfd1e58a2892ca73d0897f1b42bcf11eea4a9c389ba304bd84385e4903ad2fc",
    "https://esm.sh/v99/@supabase/realtime-js@2.1.0/dist/module/RealtimeClient.d.ts": "a3269522e03dc98583c8024a1bbaece447c19f58f2dbe4284074f3e24d9b0e9e",
    "https://esm.sh/v99/@supabase/realtime-js@2.1.0/dist/module/RealtimePresence.d.ts": "da9b44da6ad78588fc9e2f8134d1ec986935f56e6f09355a980669a2334b1b67",
    "https://esm.sh/v99/@supabase/realtime-js@2.1.0/dist/module/index.d.ts": "eeff0dbcd61707a889eb2370cf3617ef42ddc2f71d7d4d18e1e43542893c066d",
    "https://esm.sh/v99/@supabase/realtime-js@2.1.0/dist/module/lib/constants.d.ts": "b8392f2eb7cf41c3479c142875adbbe4b48bfafdced532165abc1cc68aa20cb5",
    "https://esm.sh/v99/@supabase/realtime-js@2.1.0/dist/module/lib/push.d.ts": "65459f6c4c166a7264b5a7a761414c9bf4e0d2dbf0803e1e53e2ecefdbaa1e1d",
    "https://esm.sh/v99/@supabase/realtime-js@2.1.0/dist/module/lib/serializer.d.ts": "4990f875f6e9a1898655fdba7b822222f8b930bfb7c9253b4f047aa4b05d4ca1",
    "https://esm.sh/v99/@supabase/realtime-js@2.1.0/dist/module/lib/timer.d.ts": "ddf170afd193dc372316ed1f4a087f0e9732a5b8bd9cb9e5c3ac74f1cc676e31",
    "https://esm.sh/v99/@supabase/storage-js@2.0.0/deno/storage-js.js": "5f68a16428703a18e5ec2de022475d9bb06e4c4f1401d5e0e2540584120045df",
    "https://esm.sh/v99/@supabase/storage-js@2.0.0/dist/module/StorageClient.d.ts": "716bdde7f3ea8f49606ac540ceb4b410facb9526668711ffb5676f7935f3408d",
    "https://esm.sh/v99/@supabase/storage-js@2.0.0/dist/module/index.d.ts": "07800a0eea5587ec26d8932a4f5f10871b9e017292ab05b74b27154fb5f98860",
    "https://esm.sh/v99/@supabase/storage-js@2.0.0/dist/module/lib/errors.d.ts": "753c82a97a0e1b05fec3989af93e4fbf2f4a3da3957584613768593ef5cc8bfc",
    "https://esm.sh/v99/@supabase/storage-js@2.0.0/dist/module/lib/fetch.d.ts": "18b68d37f6564cc754ade6371fc7e655a775e91b10abf0f45d0c037b93436761",
    "https://esm.sh/v99/@supabase/storage-js@2.0.0/dist/module/lib/types.d.ts": "cabd4cd9d7f58317273bd3b8f4b32f70a31b87d5a61605a16be6a08fa132ad4a",
    "https://esm.sh/v99/@supabase/storage-js@2.0.0/dist/module/packages/StorageBucketApi.d.ts": "fcdbe1b00e3430099530a00a3cfb446e5065a715e0eaae55ae3fcc681de38e29",
    "https://esm.sh/v99/@supabase/storage-js@2.0.0/dist/module/packages/StorageFileApi.d.ts": "4285be2614628b71000805f3c0590ae2a61bfeec5a37b6324596090add02b9fc",
    "https://esm.sh/v99/@supabase/supabase-js@2.1.0/deno/supabase-js.js": "84770682b048f07d55b5d585f662fc29d80ef1e91e7685efe759c95337e70ddf",
    "https://esm.sh/v99/@supabase/supabase-js@2.1.0/dist/module/SupabaseClient.d.ts": "93737a4e8ecabd87afce14eea18b7d8d17321ffd2bac08e7b0b6abf964b3a64b",
    "https://esm.sh/v99/@supabase/supabase-js@2.1.0/dist/module/index.d.ts": "929b8230a25b8851c716dbfac15c382a87e8245a9c6a4cad4ec794c7c29171d3",
    "https://esm.sh/v99/@supabase/supabase-js@2.1.0/dist/module/lib/SupabaseAuthClient.d.ts": "030f7ea3dbbeea0fd840c4236ceb7e01ca387100937030af5fa56c11e2d8532f",
    "https://esm.sh/v99/@supabase/supabase-js@2.1.0/dist/module/lib/types.d.ts": "02e49a9e61b3ae1023e9e41925a7365d31280d9942cfd292f60b6336c9167ec1",
    "https://esm.sh/v99/@types/phoenix@1.5.4/index.d.ts": "5bedfe185f19a13c7df212e1eec2584b710b9db5fd5e73b767df2e6116313565",
    "https://esm.sh/v99/cross-fetch@3.1.5/deno/cross-fetch.js": "6623ff9b8dc94523869d9a2615cf6d2f02a918b3ae1c6ece9306cac9c641b054",
    "https://esm.sh/v99/es5-ext@0.10.62/deno/global.js": "17f5318602f1810be13fba7eb0d5fc2d8ac3dd5117f1ff13f8377eab2e2a4784",
    "https://esm.sh/v99/node.ns.d.ts": "0fb081f0cd2150931bd54baa04f31466abd9ca701fd9060d07931402cf8367ba",
    "https://esm.sh/v99/websocket@1.0.34/deno/websocket.js": "34ab64d82668fd7ab6292f9fbec4aa2c8f9099416d512e517108bb6e5a0a1605"
  }
}
